PODS:
  - Crisp (1.1.0)
  - crisp_chat (0.0.2):
    - Crisp
    - Flutter
  - Flutter (1.0.0)

DEPENDENCIES:
  - crisp_chat (from `.symlinks/plugins/crisp_chat/ios`)
  - Flutter (from `Flutter`)

SPEC REPOS:
  trunk:
    - Crisp

EXTERNAL SOURCES:
  crisp_chat:
    :path: ".symlinks/plugins/crisp_chat/ios"
  Flutter:
    :path: Flutter

SPEC CHECKSUMS:
  Crisp: b88f081c87566254e603d885dcdbc97596ade755
  crisp_chat: 46a724881fe14e5e2892f0030ecf0ab4cb040bdf
  Flutter: f04841e97a9d0b0a8025694d0796dd46242b2854

PODFILE CHECKSUM: bfd8cb9c5a07b05028ccd5e7d27153963d4bba14

COCOAPODS: 1.11.3
