PODS:
  - Crisp (1.1.0)
  - Flutter (1.0.0)
  - flutter_crisp_chat (0.0.1):
    - Crisp
    - Flutter

DEPENDENCIES:
  - Flutter (from `Flutter`)
  - flutter_crisp_chat (from `.symlinks/plugins/flutter_crisp_chat/ios`)

SPEC REPOS:
  trunk:
    - Crisp

EXTERNAL SOURCES:
  Flutter:
    :path: Flutter
  flutter_crisp_chat:
    :path: ".symlinks/plugins/flutter_crisp_chat/ios"

SPEC CHECKSUMS:
  Crisp: b88f081c87566254e603d885dcdbc97596ade755
  Flutter: f04841e97a9d0b0a8025694d0796dd46242b2854
  flutter_crisp_chat: ba4cb90d003958572966b4cfcee08a58aec449ae

PODFILE CHECKSUM: bfd8cb9c5a07b05028ccd5e7d27153963d4bba14

COCOAPODS: 1.11.3
